
Microsoft Visual Studio Solution File, Format Version 12.00
# Visual Studio Version 16
VisualStudioVersion = 16.0.29215.179
MinimumVisualStudioVersion = 10.0.40219.1
Project("{F184B08F-C81C-45F6-A57F-5ABD9991F28F}") = "Asg2-6", "Asg2-6.vbproj", "{EA2DDC1B-9A58-407B-86A0-1EC14B997618}"
EndProject
Global
	GlobalSection(SolutionConfigurationPlatforms) = preSolution
		Debug|Any CPU = Debug|Any CPU
		Release|Any CPU = Release|Any CPU
	EndGlobalSection
	GlobalSection(ProjectConfigurationPlatforms) = postSolution
		{EA2DDC1B-9A58-407B-86A0-1EC14B997618}.Debug|Any CPU.ActiveCfg = Debug|Any CPU
		{EA2DDC1B-9A58-407B-86A0-1EC14B997618}.Debug|Any CPU.Build.0 = Debug|Any CPU
		{EA2DDC1B-9A58-407B-86A0-1EC14B997618}.Release|Any CPU.ActiveCfg = Release|Any CPU
		{EA2DDC1B-9A58-407B-86A0-1EC14B997618}.Release|Any CPU.Build.0 = Release|Any CPU
	EndGlobalSection
	GlobalSection(SolutionProperties) = preSolution
		HideSolutionNode = FALSE
	EndGlobalSection
	GlobalSection(ExtensibilityGlobals) = postSolution
		SolutionGuid = {7D0310AF-A9D2-47F0-920B-99A8675D7E7D}
	EndGlobalSection
EndGlobal
