
Microsoft Visual Studio Solution File, Format Version 12.00
# Visual Studio Version 16
VisualStudioVersion = 16.0.29215.179
MinimumVisualStudioVersion = 10.0.40219.1
Project("{F184B08F-C81C-45F6-A57F-5ABD9991F28F}") = "9-26", "9-26.vbproj", "{92A6E138-5CF9-4453-A2A9-F222B8D2FDB0}"
EndProject
Global
	GlobalSection(SolutionConfigurationPlatforms) = preSolution
		Debug|Any CPU = Debug|Any CPU
		Release|Any CPU = Release|Any CPU
	EndGlobalSection
	GlobalSection(ProjectConfigurationPlatforms) = postSolution
		{92A6E138-5CF9-4453-A2A9-F222B8D2FDB0}.Debug|Any CPU.ActiveCfg = Debug|Any CPU
		{92A6E138-5CF9-4453-A2A9-F222B8D2FDB0}.Debug|Any CPU.Build.0 = Debug|Any CPU
		{92A6E138-5CF9-4453-A2A9-F222B8D2FDB0}.Release|Any CPU.ActiveCfg = Release|Any CPU
		{92A6E138-5CF9-4453-A2A9-F222B8D2FDB0}.Release|Any CPU.Build.0 = Release|Any CPU
	EndGlobalSection
	GlobalSection(SolutionProperties) = preSolution
		HideSolutionNode = FALSE
	EndGlobalSection
	GlobalSection(ExtensibilityGlobals) = postSolution
		SolutionGuid = {4E3AE8F3-148F-487C-BE6B-B0D3CC4BD68C}
	EndGlobalSection
EndGlobal
