
Microsoft Visual Studio Solution File, Format Version 12.00
# Visual Studio Version 16
VisualStudioVersion = 16.0.29215.179
MinimumVisualStudioVersion = 10.0.40219.1
Project("{F184B08F-C81C-45F6-A57F-5ABD9991F28F}") = "Example9-24", "Example9-24.vbproj", "{2CFD70A9-177E-40E9-B22A-3ABB16328791}"
EndProject
Global
	GlobalSection(SolutionConfigurationPlatforms) = preSolution
		Debug|Any CPU = Debug|Any CPU
		Release|Any CPU = Release|Any CPU
	EndGlobalSection
	GlobalSection(ProjectConfigurationPlatforms) = postSolution
		{2CFD70A9-177E-40E9-B22A-3ABB16328791}.Debug|Any CPU.ActiveCfg = Debug|Any CPU
		{2CFD70A9-177E-40E9-B22A-3ABB16328791}.Debug|Any CPU.Build.0 = Debug|Any CPU
		{2CFD70A9-177E-40E9-B22A-3ABB16328791}.Release|Any CPU.ActiveCfg = Release|Any CPU
		{2CFD70A9-177E-40E9-B22A-3ABB16328791}.Release|Any CPU.Build.0 = Release|Any CPU
	EndGlobalSection
	GlobalSection(SolutionProperties) = preSolution
		HideSolutionNode = FALSE
	EndGlobalSection
	GlobalSection(ExtensibilityGlobals) = postSolution
		SolutionGuid = {843BEC0A-50FD-465A-9F74-098C5D5F7707}
	EndGlobalSection
EndGlobal
