
Microsoft Visual Studio Solution File, Format Version 12.00
# Visual Studio Version 16
VisualStudioVersion = 16.0.29215.179
MinimumVisualStudioVersion = 10.0.40219.1
Project("{F184B08F-C81C-45F6-A57F-5ABD9991F28F}") = "asg3-3", "asg3-3.vbproj", "{BCE33551-153B-495E-8E57-0BF03E1B3D26}"
EndProject
Global
	GlobalSection(SolutionConfigurationPlatforms) = preSolution
		Debug|Any CPU = Debug|Any CPU
		Release|Any CPU = Release|Any CPU
	EndGlobalSection
	GlobalSection(ProjectConfigurationPlatforms) = postSolution
		{BCE33551-153B-495E-8E57-0BF03E1B3D26}.Debug|Any CPU.ActiveCfg = Debug|Any CPU
		{BCE33551-153B-495E-8E57-0BF03E1B3D26}.Debug|Any CPU.Build.0 = Debug|Any CPU
		{BCE33551-153B-495E-8E57-0BF03E1B3D26}.Release|Any CPU.ActiveCfg = Release|Any CPU
		{BCE33551-153B-495E-8E57-0BF03E1B3D26}.Release|Any CPU.Build.0 = Release|Any CPU
	EndGlobalSection
	GlobalSection(SolutionProperties) = preSolution
		HideSolutionNode = FALSE
	EndGlobalSection
	GlobalSection(ExtensibilityGlobals) = postSolution
		SolutionGuid = {F1138548-F25C-42BE-B81F-CFE7EEC5050A}
	EndGlobalSection
EndGlobal
