
Microsoft Visual Studio Solution File, Format Version 12.00
# Visual Studio Version 16
VisualStudioVersion = 16.0.29215.179
MinimumVisualStudioVersion = 10.0.40219.1
Project("{F184B08F-C81C-45F6-A57F-5ABD9991F28F}") = "Asg3-6", "Asg3-6.vbproj", "{1E87E281-F7EC-45D9-BE28-B2880B52DD2F}"
EndProject
Global
	GlobalSection(SolutionConfigurationPlatforms) = preSolution
		Debug|Any CPU = Debug|Any CPU
		Release|Any CPU = Release|Any CPU
	EndGlobalSection
	GlobalSection(ProjectConfigurationPlatforms) = postSolution
		{1E87E281-F7EC-45D9-BE28-B2880B52DD2F}.Debug|Any CPU.ActiveCfg = Debug|Any CPU
		{1E87E281-F7EC-45D9-BE28-B2880B52DD2F}.Debug|Any CPU.Build.0 = Debug|Any CPU
		{1E87E281-F7EC-45D9-BE28-B2880B52DD2F}.Release|Any CPU.ActiveCfg = Release|Any CPU
		{1E87E281-F7EC-45D9-BE28-B2880B52DD2F}.Release|Any CPU.Build.0 = Release|Any CPU
	EndGlobalSection
	GlobalSection(SolutionProperties) = preSolution
		HideSolutionNode = FALSE
	EndGlobalSection
	GlobalSection(ExtensibilityGlobals) = postSolution
		SolutionGuid = {1536EBBA-9FC7-4CB5-B817-2CFAC04A5E9F}
	EndGlobalSection
EndGlobal
