
Microsoft Visual Studio Solution File, Format Version 12.00
# Visual Studio Version 16
VisualStudioVersion = 16.0.29215.179
MinimumVisualStudioVersion = 10.0.40219.1
Project("{F184B08F-C81C-45F6-A57F-5ABD9991F28F}") = "Asg7-1", "Asg7-1.vbproj", "{941C6E72-8C09-4561-A986-C0861FF7AAB0}"
EndProject
Global
	GlobalSection(SolutionConfigurationPlatforms) = preSolution
		Debug|Any CPU = Debug|Any CPU
		Release|Any CPU = Release|Any CPU
	EndGlobalSection
	GlobalSection(ProjectConfigurationPlatforms) = postSolution
		{941C6E72-8C09-4561-A986-C0861FF7AAB0}.Debug|Any CPU.ActiveCfg = Debug|Any CPU
		{941C6E72-8C09-4561-A986-C0861FF7AAB0}.Debug|Any CPU.Build.0 = Debug|Any CPU
		{941C6E72-8C09-4561-A986-C0861FF7AAB0}.Release|Any CPU.ActiveCfg = Release|Any CPU
		{941C6E72-8C09-4561-A986-C0861FF7AAB0}.Release|Any CPU.Build.0 = Release|Any CPU
	EndGlobalSection
	GlobalSection(SolutionProperties) = preSolution
		HideSolutionNode = FALSE
	EndGlobalSection
	GlobalSection(ExtensibilityGlobals) = postSolution
		SolutionGuid = {B69308F2-FB74-48F4-8054-539EFAA9D956}
	EndGlobalSection
EndGlobal
